
Microsoft Visual Studio Solution File, Format Version 12.00
# Visual Studio Version 17
VisualStudioVersion = 17.2.32616.157
MinimumVisualStudioVersion = 10.0.40219.1
Project("{FAE04EC0-301F-11D3-BF4B-00C04F79EFBC}") = "FinanceApp.Api.Host", "FinanceApp.Api.Host\FinanceApp.Api.Host.csproj", "{09BDD15F-977C-47D4-9651-FCA26A7CCC9C}"
EndProject
Global
	GlobalSection(SolutionConfigurationPlatforms) = preSolution
		Debug|Any CPU = Debug|Any CPU
		Release|Any CPU = Release|Any CPU
	EndGlobalSection
	GlobalSection(ProjectConfigurationPlatforms) = postSolution
		{09BDD15F-977C-47D4-9651-FCA26A7CCC9C}.Debug|Any CPU.ActiveCfg = Debug|Any CPU
		{09BDD15F-977C-47D4-9651-FCA26A7CCC9C}.Debug|Any CPU.Build.0 = Debug|Any CPU
		{09BDD15F-977C-47D4-9651-FCA26A7CCC9C}.Release|Any CPU.ActiveCfg = Release|Any CPU
		{09BDD15F-977C-47D4-9651-FCA26A7CCC9C}.Release|Any CPU.Build.0 = Release|Any CPU
	EndGlobalSection
	GlobalSection(SolutionProperties) = preSolution
		HideSolutionNode = FALSE
	EndGlobalSection
	GlobalSection(ExtensibilityGlobals) = postSolution
		SolutionGuid = {7F813BF8-56E6-4F2B-A53D-08BD0BB34220}
	EndGlobalSection
EndGlobal
